
Microsoft Visual Studio Solution File, Format Version 12.00
# Visual Studio 15
VisualStudioVersion = 15.0.27130.2036
MinimumVisualStudioVersion = 10.0.40219.1
Project("{8BC9CEB8-8B4A-11D0-8D11-00A0C91BC942}") = "Vaja2_KMP", "Vaja2_KMP.vcxproj", "{DEF99102-9381-4905-B954-857AA74095F5}"
EndProject
Global
	GlobalSection(SolutionConfigurationPlatforms) = preSolution
		Debug|x64 = Debug|x64
		Debug|x86 = Debug|x86
		Release|x64 = Release|x64
		Release|x86 = Release|x86
	EndGlobalSection
	GlobalSection(ProjectConfigurationPlatforms) = postSolution
		{DEF99102-9381-4905-B954-857AA74095F5}.Debug|x64.ActiveCfg = Debug|x64
		{DEF99102-9381-4905-B954-857AA74095F5}.Debug|x64.Build.0 = Debug|x64
		{DEF99102-9381-4905-B954-857AA74095F5}.Debug|x86.ActiveCfg = Debug|Win32
		{DEF99102-9381-4905-B954-857AA74095F5}.Debug|x86.Build.0 = Debug|Win32
		{DEF99102-9381-4905-B954-857AA74095F5}.Release|x64.ActiveCfg = Release|x64
		{DEF99102-9381-4905-B954-857AA74095F5}.Release|x64.Build.0 = Release|x64
		{DEF99102-9381-4905-B954-857AA74095F5}.Release|x86.ActiveCfg = Release|Win32
		{DEF99102-9381-4905-B954-857AA74095F5}.Release|x86.Build.0 = Release|Win32
	EndGlobalSection
	GlobalSection(SolutionProperties) = preSolution
		HideSolutionNode = FALSE
	EndGlobalSection
	GlobalSection(ExtensibilityGlobals) = postSolution
		SolutionGuid = {03D5C709-4041-443F-ADF6-1F3FA41B2E0C}
	EndGlobalSection
EndGlobal
